
Microsoft Visual Studio Solution File, Format Version 12.00
# Visual Studio 15
Project("{FAE04EC0-301F-11D3-BF4B-00C04F79EFBC}") = "ChasedHomeUIDesign.Android", "ChasedHomeUIDesign.Android\ChasedHomeUIDesign.Android.csproj", "{988B134E-E206-4123-A9E7-D20CF48B7023}"
EndProject
Project("{FAE04EC0-301F-11D3-BF4B-00C04F79EFBC}") = "ChasedHomeUIDesign.iOS", "ChasedHomeUIDesign.iOS\ChasedHomeUIDesign.iOS.csproj", "{2AE04E39-2C51-4621-963F-E43772C96F54}"
EndProject
Project("{FAE04EC0-301F-11D3-BF4B-00C04F79EFBC}") = "ChasedHomeUIDesign", "ChasedHomeUIDesign\ChasedHomeUIDesign.csproj", "{53F51E70-213A-4899-AB25-AEE4C15C08CE}"
EndProject
Global
	GlobalSection(SolutionConfigurationPlatforms) = preSolution
		Debug|Any CPU = Debug|Any CPU
		Release|Any CPU = Release|Any CPU
		Debug|iPhoneSimulator = Debug|iPhoneSimulator
		Release|iPhoneSimulator = Release|iPhoneSimulator
		Debug|iPhone = Debug|iPhone
		Release|iPhone = Release|iPhone
	EndGlobalSection
	GlobalSection(ProjectConfigurationPlatforms) = postSolution
		{988B134E-E206-4123-A9E7-D20CF48B7023}.Debug|Any CPU.ActiveCfg = Debug|Any CPU
		{988B134E-E206-4123-A9E7-D20CF48B7023}.Debug|Any CPU.Build.0 = Debug|Any CPU
		{988B134E-E206-4123-A9E7-D20CF48B7023}.Release|Any CPU.ActiveCfg = Release|Any CPU
		{988B134E-E206-4123-A9E7-D20CF48B7023}.Release|Any CPU.Build.0 = Release|Any CPU
		{988B134E-E206-4123-A9E7-D20CF48B7023}.Debug|iPhoneSimulator.ActiveCfg = Debug|Any CPU
		{988B134E-E206-4123-A9E7-D20CF48B7023}.Debug|iPhoneSimulator.Build.0 = Debug|Any CPU
		{988B134E-E206-4123-A9E7-D20CF48B7023}.Release|iPhoneSimulator.ActiveCfg = Release|Any CPU
		{988B134E-E206-4123-A9E7-D20CF48B7023}.Release|iPhoneSimulator.Build.0 = Release|Any CPU
		{988B134E-E206-4123-A9E7-D20CF48B7023}.Debug|iPhone.ActiveCfg = Debug|Any CPU
		{988B134E-E206-4123-A9E7-D20CF48B7023}.Debug|iPhone.Build.0 = Debug|Any CPU
		{988B134E-E206-4123-A9E7-D20CF48B7023}.Release|iPhone.ActiveCfg = Release|Any CPU
		{988B134E-E206-4123-A9E7-D20CF48B7023}.Release|iPhone.Build.0 = Release|Any CPU
		{2AE04E39-2C51-4621-963F-E43772C96F54}.Debug|Any CPU.ActiveCfg = Debug|iPhoneSimulator
		{2AE04E39-2C51-4621-963F-E43772C96F54}.Debug|Any CPU.Build.0 = Debug|iPhoneSimulator
		{2AE04E39-2C51-4621-963F-E43772C96F54}.Release|Any CPU.ActiveCfg = Release|iPhoneSimulator
		{2AE04E39-2C51-4621-963F-E43772C96F54}.Release|Any CPU.Build.0 = Release|iPhoneSimulator
		{2AE04E39-2C51-4621-963F-E43772C96F54}.Debug|iPhoneSimulator.ActiveCfg = Debug|iPhoneSimulator
		{2AE04E39-2C51-4621-963F-E43772C96F54}.Debug|iPhoneSimulator.Build.0 = Debug|iPhoneSimulator
		{2AE04E39-2C51-4621-963F-E43772C96F54}.Release|iPhoneSimulator.ActiveCfg = Release|iPhoneSimulator
		{2AE04E39-2C51-4621-963F-E43772C96F54}.Release|iPhoneSimulator.Build.0 = Release|iPhoneSimulator
		{2AE04E39-2C51-4621-963F-E43772C96F54}.Debug|iPhone.ActiveCfg = Debug|iPhone
		{2AE04E39-2C51-4621-963F-E43772C96F54}.Debug|iPhone.Build.0 = Debug|iPhone
		{2AE04E39-2C51-4621-963F-E43772C96F54}.Release|iPhone.ActiveCfg = Release|iPhone
		{2AE04E39-2C51-4621-963F-E43772C96F54}.Release|iPhone.Build.0 = Release|iPhone
		{53F51E70-213A-4899-AB25-AEE4C15C08CE}.Debug|Any CPU.ActiveCfg = Debug|Any CPU
		{53F51E70-213A-4899-AB25-AEE4C15C08CE}.Debug|Any CPU.Build.0 = Debug|Any CPU
		{53F51E70-213A-4899-AB25-AEE4C15C08CE}.Release|Any CPU.ActiveCfg = Release|Any CPU
		{53F51E70-213A-4899-AB25-AEE4C15C08CE}.Release|Any CPU.Build.0 = Release|Any CPU
		{53F51E70-213A-4899-AB25-AEE4C15C08CE}.Debug|iPhoneSimulator.ActiveCfg = Debug|Any CPU
		{53F51E70-213A-4899-AB25-AEE4C15C08CE}.Debug|iPhoneSimulator.Build.0 = Debug|Any CPU
		{53F51E70-213A-4899-AB25-AEE4C15C08CE}.Release|iPhoneSimulator.ActiveCfg = Release|Any CPU
		{53F51E70-213A-4899-AB25-AEE4C15C08CE}.Release|iPhoneSimulator.Build.0 = Release|Any CPU
		{53F51E70-213A-4899-AB25-AEE4C15C08CE}.Debug|iPhone.ActiveCfg = Debug|Any CPU
		{53F51E70-213A-4899-AB25-AEE4C15C08CE}.Debug|iPhone.Build.0 = Debug|Any CPU
		{53F51E70-213A-4899-AB25-AEE4C15C08CE}.Release|iPhone.ActiveCfg = Release|Any CPU
		{53F51E70-213A-4899-AB25-AEE4C15C08CE}.Release|iPhone.Build.0 = Release|Any CPU
	EndGlobalSection
EndGlobal
